// !$*UTF8*$!
{
	archiveVersion = 1;
	classes = {
	};
	objectVersion = 46;
	objects = {

/* Begin PBXBuildFile section */
		7CC00FCD1E01DDFD002B2387 /* main.cpp in Sources */ = {isa = PBXBuildFile; fileRef = 7CC00FCC1E01DDFD002B2387 /* main.cpp */; };
/* End PBXBuildFile section */

/* Begin PBXCopyFilesBuildPhase section */
		7CC00FC71E01DDFC002B2387 /* CopyFiles */ = {
			isa = PBXCopyFilesBuildPhase;
			buildActionMask = 2147483647;
			dstPath = /usr/share/man/man1/;
			dstSubfolderSpec = 0;
			files = (
			);
			runOnlyForDeploymentPostprocessing = 1;
		};
/* End PBXCopyFilesBuildPhase section */

/* Begin PBXFileReference section */
		6E7FCE881E1BC7DA00778C8C /* BombTile.hpp */ = {isa = PBXFileReference; fileEncoding = 4; lastKnownFileType = sourcecode.cpp.h; path = BombTile.hpp; sourceTree = "<group>"; };
		6E7FCE8B1E1BCCC300778C8C /* ValueTile.hpp */ = {isa = PBXFileReference; fileEncoding = 4; lastKnownFileType = sourcecode.cpp.h; path = ValueTile.hpp; sourceTree = "<group>"; };
		7CC00FC91E01DDFC002B2387 /* MinesweeperIP */ = {isa = PBXFileReference; explicitFileType = "compiled.mach-o.executable"; includeInIndex = 0; path = MinesweeperIP; sourceTree = BUILT_PRODUCTS_DIR; };
		7CC00FCC1E01DDFD002B2387 /* main.cpp */ = {isa = PBXFileReference; lastKnownFileType = sourcecode.cpp.cpp; path = main.cpp; sourceTree = "<group>"; };
		7CC00FD41E01EFF8002B2387 /* Tile.hpp */ = {isa = PBXFileReference; fileEncoding = 4; lastKnownFileType = sourcecode.cpp.h; path = Tile.hpp; sourceTree = "<group>"; };
/* End PBXFileReference section */

/* Begin PBXFrameworksBuildPhase section */
		7CC00FC61E01DDFC002B2387 /* Frameworks */ = {
			isa = PBXFrameworksBuildPhase;
			buildActionMask = 2147483647;
			files = (
			);
			runOnlyForDeploymentPostprocessing = 0;
		};
/* End PBXFrameworksBuildPhase section */

/* Begin PBXGroup section */
		7CC00FC01E01DDFC002B2387 = {
			isa = PBXGroup;
			children = (
				7CC00FCB1E01DDFC002B2387 /* MinesweeperIP */,
				7CC00FCA1E01DDFC002B2387 /* Products */,
			);
			sourceTree = "<group>";
		};
		7CC00FCA1E01DDFC002B2387 /* Products */ = {
			isa = PBXGroup;
			children = (
				7CC00FC91E01DDFC002B2387 /* MinesweeperIP */,
			);
			name = Products;
			sourceTree = "<group>";
		};
		7CC00FCB1E01DDFC002B2387 /* MinesweeperIP */ = {
			isa = PBXGroup;
			children = (
				7CC00FCC1E01DDFD002B2387 /* main.cpp */,
				7CC00FD41E01EFF8002B2387 /* Tile.hpp */,
				6E7FCE881E1BC7DA00778C8C /* BombTile.hpp */,
				6E7FCE8B1E1BCCC300778C8C /* ValueTile.hpp */,
			);
			path = MinesweeperIP;
			sourceTree = "<group>";
		};
/* End PBXGroup section */

/* Begin PBXNativeTarget section */
		7CC00FC81E01DDFC002B2387 /* MinesweeperIP */ = {
			isa = PBXNativeTarget;
			buildConfigurationList = 7CC00FD01E01DDFD002B2387 /* Build configuration list for PBXNativeTarget "MinesweeperIP" */;
			buildPhases = (
				7CC00FC51E01DDFC002B2387 /* Sources */,
				7CC00FC61E01DDFC002B2387 /* Frameworks */,
				7CC00FC71E01DDFC002B2387 /* CopyFiles */,
			);
			buildRules = (
			);
			dependencies = (
			);
			name = MinesweeperIP;
			productName = MinesweeperIP;
			productReference = 7CC00FC91E01DDFC002B2387 /* MinesweeperIP */;
			productType = "com.apple.product-type.tool";
		};
/* End PBXNativeTarget section */

/* Begin PBXProject section */
		7CC00FC11E01DDFC002B2387 /* Project object */ = {
			isa = PBXProject;
			attributes = {
				LastUpgradeCheck = 0810;
				ORGANIZATIONNAME = "Bogdan Raducan";
				TargetAttributes = {
					7CC00FC81E01DDFC002B2387 = {
						CreatedOnToolsVersion = 8.1;
						ProvisioningStyle = Automatic;
					};
				};
			};
			buildConfigurationList = 7CC00FC41E01DDFC002B2387 /* Build configuration list for PBXProject "MinesweeperIP" */;
			compatibilityVersion = "Xcode 3.2";
			developmentRegion = English;
			hasScannedForEncodings = 0;
			knownRegions = (
				en,
			);
			mainGroup = 7CC00FC01E01DDFC002B2387;
			productRefGroup = 7CC00FCA1E01DDFC002B2387 /* Products */;
			projectDirPath = "";
			projectRoot = "";
			targets = (
				7CC00FC81E01DDFC002B2387 /* MinesweeperIP */,
			);
		};
/* End PBXProject section */

/* Begin PBXSourcesBuildPhase section */
		7CC00FC51E01DDFC002B2387 /* Sources */ = {
			isa = PBXSourcesBuildPhase;
			buildActionMask = 2147483647;
			files = (
				7CC00FCD1E01DDFD002B2387 /* main.cpp in Sources */,
			);
			runOnlyForDeploymentPostprocessing = 0;
		};
/* End PBXSourcesBuildPhase section */

/* Begin XCBuildConfiguration section */
		7CC00FCE1E01DDFD002B2387 /* Debug */ = {
			isa = XCBuildConfiguration;
			buildSettings = {
				ALWAYS_SEARCH_USER_PATHS = NO;
				CLANG_ANALYZER_NONNULL = YES;
				CLANG_CXX_LANGUAGE_STANDARD = "gnu++0x";
				CLANG_CXX_LIBRARY = "libc++";
				CLANG_ENABLE_MODULES = YES;
				CLANG_ENABLE_OBJC_ARC = YES;
				CLANG_WARN_BOOL_CONVERSION = YES;
				CLANG_WARN_CONSTANT_CONVERSION = YES;
				CLANG_WARN_DIRECT_OBJC_ISA_USAGE = YES_ERROR;
				CLANG_WARN_DOCUMENTATION_COMMENTS = YES;
				CLANG_WARN_EMPTY_BODY = YES;
				CLANG_WARN_ENUM_CONVERSION = YES;
				CLANG_WARN_INFINITE_RECURSION = YES;
				CLANG_WARN_INT_CONVERSION = YES;
				CLANG_WARN_OBJC_ROOT_CLASS = YES_ERROR;
				CLANG_WARN_SUSPICIOUS_MOVES = YES;
				CLANG_WARN_UNREACHABLE_CODE = YES;
				CLANG_WARN__DUPLICATE_METHOD_MATCH = YES;
				CODE_SIGN_IDENTITY = "-";
				COPY_PHASE_STRIP = NO;
				DEBUG_INFORMATION_FORMAT = dwarf;
				ENABLE_STRICT_OBJC_MSGSEND = YES;
				ENABLE_TESTABILITY = YES;
				GCC_C_LANGUAGE_STANDARD = gnu99;
				GCC_DYNAMIC_NO_PIC = NO;
				GCC_NO_COMMON_BLOCKS = YES;
				GCC_OPTIMIZATION_LEVEL = 0;
				GCC_PREPROCESSOR_DEFINITIONS = (
					"DEBUG=1",
					"$(inherited)",
				);
				GCC_WARN_64_TO_32_BIT_CONVERSION = YES;
				GCC_WARN_ABOUT_RETURN_TYPE = YES_ERROR;
				GCC_WARN_UNDECLARED_SELECTOR = YES;
				GCC_WARN_UNINITIALIZED_AUTOS = YES_AGGRESSIVE;
				GCC_WARN_UNUSED_FUNCTION = YES;
				GCC_WARN_UNUSED_VARIABLE = YES;
				MACOSX_DEPLOYMENT_TARGET = 10.12;
				MTL_ENABLE_DEBUG_INFO = YES;
				ONLY_ACTIVE_ARCH = YES;
				SDKROOT = macosx;
			};
			name = Debug;
		};
		7CC00FCF1E01DDFD002B2387 /* Release */ = {
			isa = XCBuildConfiguration;
			buildSettings = {
				ALWAYS_SEARCH_USER_PATHS = NO;
				CLANG_ANALYZER_NONNULL = YES;
				CLANG_CXX_LANGUAGE_STANDARD = "gnu++0x";
				CLANG_CXX_LIBRARY = "libc++";
				CLANG_ENABLE_MODULES = YES;
				CLANG_ENABLE_OBJC_ARC = YES;
				CLANG_WARN_BOOL_CONVERSION = YES;
				CLANG_WARN_CONSTANT_CONVERSION = YES;
				CLANG_WARN_DIRECT_OBJC_ISA_USAGE = YES_ERROR;
				CLANG_WARN_DOCUMENTATION_COMMENTS = YES;
				CLANG_WARN_EMPTY_BODY = YES;
				CLANG_WARN_ENUM_CONVERSION = YES;
				CLANG_WARN_INFINITE_RECURSION = YES;
				CLANG_WARN_INT_CONVERSION = YES;
				CLANG_WARN_OBJC_ROOT_CLASS = YES_ERROR;
				CLANG_WARN_SUSPICIOUS_MOVES = YES;
				CLANG_WARN_UNREACHABLE_CODE = YES;
				CLANG_WARN__DUPLICATE_METHOD_MATCH = YES;
				CODE_SIGN_IDENTITY = "-";
				COPY_PHASE_STRIP = NO;
				DEBUG_INFORMATION_FORMAT = "dwarf-with-dsym";
				ENABLE_NS_ASSERTIONS = NO;
				ENABLE_STRICT_OBJC_MSGSEND = YES;
				GCC_C_LANGUAGE_STANDARD = gnu99;
				GCC_NO_COMMON_BLOCKS = YES;
				GCC_WARN_64_TO_32_BIT_CONVERSION = YES;
				GCC_WARN_ABOUT_RETURN_TYPE = YES_ERROR;
				GCC_WARN_UNDECLARED_SELECTOR = YES;
				GCC_WARN_UNINITIALIZED_AUTOS = YES_AGGRESSIVE;
				GCC_WARN_UNUSED_FUNCTION = YES;
				GCC_WARN_UNUSED_VARIABLE = YES;
				MACOSX_DEPLOYMENT_TARGET = 10.12;
				MTL_ENABLE_DEBUG_INFO = NO;
				SDKROOT = macosx;
			};
			name = Release;
		};
		7CC00FD11E01DDFD002B2387 /* Debug */ = {
			isa = XCBuildConfiguration;
			buildSettings = {
				PRODUCT_NAME = "$(TARGET_NAME)";
			};
			name = Debug;
		};
		7CC00FD21E01DDFD002B2387 /* Release */ = {
			isa = XCBuildConfiguration;
			buildSettings = {
				PRODUCT_NAME = "$(TARGET_NAME)";
			};
			name = Release;
		};
/* End XCBuildConfiguration section */

/* Begin XCConfigurationList section */
		7CC00FC41E01DDFC002B2387 /* Build configuration list for PBXProject "MinesweeperIP" */ = {
			isa = XCConfigurationList;
			buildConfigurations = (
				7CC00FCE1E01DDFD002B2387 /* Debug */,
				7CC00FCF1E01DDFD002B2387 /* Release */,
			);
			defaultConfigurationIsVisible = 0;
			defaultConfigurationName = Release;
		};
		7CC00FD01E01DDFD002B2387 /* Build configuration list for PBXNativeTarget "MinesweeperIP" */ = {
			isa = XCConfigurationList;
			buildConfigurations = (
				7CC00FD11E01DDFD002B2387 /* Debug */,
				7CC00FD21E01DDFD002B2387 /* Release */,
			);
			defaultConfigurationIsVisible = 0;
			defaultConfigurationName = Release;
		};
/* End XCConfigurationList section */
	};
	rootObject = 7CC00FC11E01DDFC002B2387 /* Project object */;
}
